
Microsoft Visual Studio Solution File, Format Version 12.00
# Visual Studio Version 16
VisualStudioVersion = 16.0.31005.135
MinimumVisualStudioVersion = 10.0.40219.1
Project("{FAE04EC0-301F-11D3-BF4B-00C04F79EFBC}") = "MVCasp.net", "MVCasp.net\MVCasp.net.csproj", "{17B989A9-FB87-4100-8479-79A3A6173520}"
EndProject
Global
	GlobalSection(SolutionConfigurationPlatforms) = preSolution
		Debug|Any CPU = Debug|Any CPU
		Release|Any CPU = Release|Any CPU
	EndGlobalSection
	GlobalSection(ProjectConfigurationPlatforms) = postSolution
		{17B989A9-FB87-4100-8479-79A3A6173520}.Debug|Any CPU.ActiveCfg = Debug|Any CPU
		{17B989A9-FB87-4100-8479-79A3A6173520}.Debug|Any CPU.Build.0 = Debug|Any CPU
		{17B989A9-FB87-4100-8479-79A3A6173520}.Release|Any CPU.ActiveCfg = Release|Any CPU
		{17B989A9-FB87-4100-8479-79A3A6173520}.Release|Any CPU.Build.0 = Release|Any CPU
	EndGlobalSection
	GlobalSection(SolutionProperties) = preSolution
		HideSolutionNode = FALSE
	EndGlobalSection
	GlobalSection(ExtensibilityGlobals) = postSolution
		SolutionGuid = {B9E28ADF-7E15-403B-A463-7904D3F11AA9}
	EndGlobalSection
EndGlobal
